
Microsoft Visual Studio Solution File, Format Version 12.00
# Visual Studio Version 17
VisualStudioVersion = 17.3.32922.545
MinimumVisualStudioVersion = 10.0.40219.1
Project("{FAE04EC0-301F-11D3-BF4B-00C04F79EFBC}") = "MasterConsole", "MasterConsole\MasterConsole.csproj", "{A48D283E-B02A-4593-B7A9-815921EE340A}"
EndProject
Project("{F184B08F-C81C-45F6-A57F-5ABD9991F28F}") = "MasterVbNetApi", "VBMasterDbLib\MasterVbNetApi.vbproj", "{911E2612-C331-46E5-A01C-D5419CB0707E}"
EndProject
Global
	GlobalSection(SolutionConfigurationPlatforms) = preSolution
		Debug|Any CPU = Debug|Any CPU
		Release|Any CPU = Release|Any CPU
	EndGlobalSection
	GlobalSection(ProjectConfigurationPlatforms) = postSolution
		{A48D283E-B02A-4593-B7A9-815921EE340A}.Debug|Any CPU.ActiveCfg = Debug|Any CPU
		{A48D283E-B02A-4593-B7A9-815921EE340A}.Debug|Any CPU.Build.0 = Debug|Any CPU
		{A48D283E-B02A-4593-B7A9-815921EE340A}.Release|Any CPU.ActiveCfg = Release|Any CPU
		{A48D283E-B02A-4593-B7A9-815921EE340A}.Release|Any CPU.Build.0 = Release|Any CPU
		{911E2612-C331-46E5-A01C-D5419CB0707E}.Debug|Any CPU.ActiveCfg = Debug|Any CPU
		{911E2612-C331-46E5-A01C-D5419CB0707E}.Debug|Any CPU.Build.0 = Debug|Any CPU
		{911E2612-C331-46E5-A01C-D5419CB0707E}.Release|Any CPU.ActiveCfg = Release|Any CPU
		{911E2612-C331-46E5-A01C-D5419CB0707E}.Release|Any CPU.Build.0 = Release|Any CPU
	EndGlobalSection
	GlobalSection(SolutionProperties) = preSolution
		HideSolutionNode = FALSE
	EndGlobalSection
	GlobalSection(ExtensibilityGlobals) = postSolution
		SolutionGuid = {8030B53A-CAB2-4F0E-BBA7-69301CC7AFDF}
	EndGlobalSection
EndGlobal
